
Microsoft Visual Studio Solution File, Format Version 12.00
# Visual Studio Version 17
VisualStudioVersion = 17.14.37111.16
MinimumVisualStudioVersion = 10.0.40219.1
Project("{FAE04EC0-301F-11D3-BF4B-00C04F79EFBC}") = "Perimeter.Gateway.Domain", "src\Perimeter.Gateway.Domain\Perimeter.Gateway.Domain.csproj", "{91706A05-2383-41D7-B66C-76D181F25883}"
EndProject
Project("{2150E333-8FDC-42A3-9474-1A3956D46DE8}") = "src", "src", "{8C57A620-07C5-4810-9292-C01A62904210}"
EndProject
Project("{FAE04EC0-301F-11D3-BF4B-00C04F79EFBC}") = "Perimeter.Gateway.Application", "src\Perimeter.Gateway.Application\Perimeter.Gateway.Application.csproj", "{5F67CB11-BEF8-4E74-952E-07393C426D96}"
EndProject
Project("{FAE04EC0-301F-11D3-BF4B-00C04F79EFBC}") = "Perimeter.Gateway.Infrastructure", "src\Perimeter.Gateway.Infrastructure\Perimeter.Gateway.Infrastructure.csproj", "{A650C1AA-A07C-4982-B2CE-37EDAF6D532F}"
EndProject
Project("{FAE04EC0-301F-11D3-BF4B-00C04F79EFBC}") = "Perimeter.Gateway.Api", "src\Perimeter.Gateway.Api\Perimeter.Gateway.Api.csproj", "{BAB7F8CE-C836-499B-8BC2-775D2A711332}"
EndProject
Project("{2150E333-8FDC-42A3-9474-1A3956D46DE8}") = "tests", "tests", "{BE7FB38F-D453-432A-AD5A-992A1817D64D}"
EndProject
Project("{FAE04EC0-301F-11D3-BF4B-00C04F79EFBC}") = "Perimeter.Gateway.UnitTests", "tests\Perimeter.Gateway.UnitTests\Perimeter.Gateway.UnitTests.csproj", "{40B50927-6945-443C-868F-82030BA3705F}"
EndProject
Project("{FAE04EC0-301F-11D3-BF4B-00C04F79EFBC}") = "Perimeter.Gateway.IntegrationTests", "tests\Perimeter.Gateway.IntegrationTests\Perimeter.Gateway.IntegrationTests.csproj", "{DEA3DF4D-08F1-4407-BBD1-4FE6CCF275EC}"
EndProject
Project("{FAE04EC0-301F-11D3-BF4B-00C04F79EFBC}") = "Perimeter.Gateway.AcceptanceTests", "tests\Perimeter.Gateway.AcceptanceTests\Perimeter.Gateway.AcceptanceTests.csproj", "{007C220D-4A68-40CE-967D-19F0478E6B26}"
EndProject
Global
	GlobalSection(SolutionConfigurationPlatforms) = preSolution
		Debug|Any CPU = Debug|Any CPU
		Release|Any CPU = Release|Any CPU
	EndGlobalSection
	GlobalSection(ProjectConfigurationPlatforms) = postSolution
		{91706A05-2383-41D7-B66C-76D181F25883}.Debug|Any CPU.ActiveCfg = Debug|Any CPU
		{91706A05-2383-41D7-B66C-76D181F25883}.Debug|Any CPU.Build.0 = Debug|Any CPU
		{91706A05-2383-41D7-B66C-76D181F25883}.Release|Any CPU.ActiveCfg = Release|Any CPU
		{91706A05-2383-41D7-B66C-76D181F25883}.Release|Any CPU.Build.0 = Release|Any CPU
		{5F67CB11-BEF8-4E74-952E-07393C426D96}.Debug|Any CPU.ActiveCfg = Debug|Any CPU
		{5F67CB11-BEF8-4E74-952E-07393C426D96}.Debug|Any CPU.Build.0 = Debug|Any CPU
		{5F67CB11-BEF8-4E74-952E-07393C426D96}.Release|Any CPU.ActiveCfg = Release|Any CPU
		{5F67CB11-BEF8-4E74-952E-07393C426D96}.Release|Any CPU.Build.0 = Release|Any CPU
		{A650C1AA-A07C-4982-B2CE-37EDAF6D532F}.Debug|Any CPU.ActiveCfg = Debug|Any CPU
		{A650C1AA-A07C-4982-B2CE-37EDAF6D532F}.Debug|Any CPU.Build.0 = Debug|Any CPU
		{A650C1AA-A07C-4982-B2CE-37EDAF6D532F}.Release|Any CPU.ActiveCfg = Release|Any CPU
		{A650C1AA-A07C-4982-B2CE-37EDAF6D532F}.Release|Any CPU.Build.0 = Release|Any CPU
		{BAB7F8CE-C836-499B-8BC2-775D2A711332}.Debug|Any CPU.ActiveCfg = Debug|Any CPU
		{BAB7F8CE-C836-499B-8BC2-775D2A711332}.Debug|Any CPU.Build.0 = Debug|Any CPU
		{BAB7F8CE-C836-499B-8BC2-775D2A711332}.Release|Any CPU.ActiveCfg = Release|Any CPU
		{BAB7F8CE-C836-499B-8BC2-775D2A711332}.Release|Any CPU.Build.0 = Release|Any CPU
		{40B50927-6945-443C-868F-82030BA3705F}.Debug|Any CPU.ActiveCfg = Debug|Any CPU
		{40B50927-6945-443C-868F-82030BA3705F}.Debug|Any CPU.Build.0 = Debug|Any CPU
		{40B50927-6945-443C-868F-82030BA3705F}.Release|Any CPU.ActiveCfg = Release|Any CPU
		{40B50927-6945-443C-868F-82030BA3705F}.Release|Any CPU.Build.0 = Release|Any CPU
		{DEA3DF4D-08F1-4407-BBD1-4FE6CCF275EC}.Debug|Any CPU.ActiveCfg = Debug|Any CPU
		{DEA3DF4D-08F1-4407-BBD1-4FE6CCF275EC}.Debug|Any CPU.Build.0 = Debug|Any CPU
		{DEA3DF4D-08F1-4407-BBD1-4FE6CCF275EC}.Release|Any CPU.ActiveCfg = Release|Any CPU
		{DEA3DF4D-08F1-4407-BBD1-4FE6CCF275EC}.Release|Any CPU.Build.0 = Release|Any CPU
		{007C220D-4A68-40CE-967D-19F0478E6B26}.Debug|Any CPU.ActiveCfg = Debug|Any CPU
		{007C220D-4A68-40CE-967D-19F0478E6B26}.Debug|Any CPU.Build.0 = Debug|Any CPU
		{007C220D-4A68-40CE-967D-19F0478E6B26}.Release|Any CPU.ActiveCfg = Release|Any CPU
		{007C220D-4A68-40CE-967D-19F0478E6B26}.Release|Any CPU.Build.0 = Release|Any CPU
	EndGlobalSection
	GlobalSection(SolutionProperties) = preSolution
		HideSolutionNode = FALSE
	EndGlobalSection
	GlobalSection(ExtensibilityGlobals) = postSolution
		SolutionGuid = {D9272B7C-2BC7-4E71-9087-923342E53C9E}
	EndGlobalSection
	GlobalSection(NestedProjects) = preSolution
		{5F67CB11-BEF8-4E74-952E-07393C426D96} = {8C57A620-07C5-4810-9292-C01A62904210}
		{A650C1AA-A07C-4982-B2CE-37EDAF6D532F} = {8C57A620-07C5-4810-9292-C01A62904210}
		{BAB7F8CE-C836-499B-8BC2-775D2A711332} = {8C57A620-07C5-4810-9292-C01A62904210}
		{40B50927-6945-443C-868F-82030BA3705F} = {BE7FB38F-D453-432A-AD5A-992A1817D64D}
		{DEA3DF4D-08F1-4407-BBD1-4FE6CCF275EC} = {BE7FB38F-D453-432A-AD5A-992A1817D64D}
		{007C220D-4A68-40CE-967D-19F0478E6B26} = {BE7FB38F-D453-432A-AD5A-992A1817D64D}
	EndGlobalSection
EndGlobal
